// !$*UTF8*$!
{
	archiveVersion = 1;
	classes = {
	};
	objectVersion = 56;
	objects = {

/* Begin PBXBuildFile section */
		A63CBD552FDBB0CF0086CC37 /* GoogleSignIn in Frameworks */ = {isa = PBXBuildFile; productRef = A63CBD542FDBB0CF0086CC37 /* GoogleSignIn */; };
		A63CBD572FDBB0CF0086CC37 /* GoogleSignInSwift in Frameworks */ = {isa = PBXBuildFile; productRef = A63CBD562FDBB0CF0086CC37 /* GoogleSignInSwift */; };
		FA3CBD01FA3CBD01FA3CBD01 /* FirebaseAuth in Frameworks */ = {isa = PBXBuildFile; productRef = FA3CBD02FA3CBD02FA3CBD02 /* FirebaseAuth */; };
		FBSVC001FBSVC001FBBLDF /* FirebaseAuthService.swift in Sources */ = {isa = PBXBuildFile; fileRef = FBSVC001FBSVC001FBSTDY /* FirebaseAuthService.swift */; };
		FBAUTH01FBAUTH01FBBLDF /* AuthView.swift in Sources */ = {isa = PBXBuildFile; fileRef = FBAUTH01FBAUTH01FBSTDY /* AuthView.swift */; };
		NOTFSVC01NOTFSVC01BLDF /* NotificationService.swift in Sources */ = {isa = PBXBuildFile; fileRef = NOTFSVC01NOTFSVC01STDY /* NotificationService.swift */; };
		TIMRVM01TIMRVM001BLDF /* TimerViewModel.swift in Sources */ = {isa = PBXBuildFile; fileRef = TIMRVM01TIMRVM001STDY /* TimerViewModel.swift */; };
		TIMRVW01TIMRVW001BLDF /* TimerView.swift in Sources */ = {isa = PBXBuildFile; fileRef = TIMRVW01TIMRVW001STDY /* TimerView.swift */; };
		QZRVW001QZRVW001BLDF /* QuizReviewView.swift in Sources */ = {isa = PBXBuildFile; fileRef = QZRVW001QZRVW001STDY /* QuizReviewView.swift */; };
		SUBJMG01SUBJMG01BLDF /* SubjectManagementView.swift in Sources */ = {isa = PBXBuildFile; fileRef = SUBJMG01SUBJMG01STDY /* SubjectManagementView.swift */; };
		CREWSVC01CREWSVC01BLDF /* CrewAIService.swift in Sources */ = {isa = PBXBuildFile; fileRef = CREWSVC01CREWSVC01STDY /* CrewAIService.swift */; };
		CREWVW001CREWVW001BLDF /* StudyCoachView.swift in Sources */ = {isa = PBXBuildFile; fileRef = CREWVW001CREWVW001STDY /* StudyCoachView.swift */; };
		FCAVC001FCAVC001BLDF /* FocusVoiceCoach.swift in Sources */ = {isa = PBXBuildFile; fileRef = FCAVC001FCAVC001STDY /* FocusVoiceCoach.swift */; };
		FCAMSVC01FCAMSVC01BLDF /* FocusCameraService.swift in Sources */ = {isa = PBXBuildFile; fileRef = FCAMSVC01FCAMSVC01STDY /* FocusCameraService.swift */; };
		FCANL001FCANL001BLDF /* FocusAnalyzer.swift in Sources */ = {isa = PBXBuildFile; fileRef = FCANL001FCANL001STDY /* FocusAnalyzer.swift */; };
		FCAVML01FCAVML01BLDF /* FocusSessionViewModel.swift in Sources */ = {isa = PBXBuildFile; fileRef = FCAVML01FCAVML01STDY /* FocusSessionViewModel.swift */; };
		FCAVW001FCAVW001BLDF /* FocusSessionView.swift in Sources */ = {isa = PBXBuildFile; fileRef = FCAVW001FCAVW001STDY /* FocusSessionView.swift */; };
		A6A4F4CA2FDB9EE10083B8D2 /* FinalProjectApp.swift in Sources */ = {isa = PBXBuildFile; fileRef = A6A4F4C92FDB9EE10083B8D2 /* FinalProjectApp.swift */; };
		A6A4F4CE2FDB9EE70083B8D2 /* Assets.xcassets in Resources */ = {isa = PBXBuildFile; fileRef = A6A4F4CD2FDB9EE70083B8D2 /* Assets.xcassets */; };
		A6A4F4D22FDB9EE70083B8D2 /* Preview Assets.xcassets in Resources */ = {isa = PBXBuildFile; fileRef = A6A4F4D12FDB9EE70083B8D2 /* Preview Assets.xcassets */; };
		FBGSVC001FBGSVC001FBRSRC /* GoogleService-Info.plist in Resources */ = {isa = PBXBuildFile; fileRef = FBGSVC001FBGSVC001FBSTDY /* GoogleService-Info.plist */; };
		A6A4F4DC2FDB9EE70083B8D2 /* FinalProjectTests.swift in Sources */ = {isa = PBXBuildFile; fileRef = A6A4F4DB2FDB9EE70083B8D2 /* FinalProjectTests.swift */; };
		A6A4F4E62FDB9EE70083B8D2 /* FinalProjectUITests.swift in Sources */ = {isa = PBXBuildFile; fileRef = A6A4F4E52FDB9EE70083B8D2 /* FinalProjectUITests.swift */; };
		A6A4F4E82FDB9EE70083B8D2 /* FinalProjectUITestsLaunchTests.swift in Sources */ = {isa = PBXBuildFile; fileRef = A6A4F4E72FDB9EE70083B8D2 /* FinalProjectUITestsLaunchTests.swift */; };
		HLTHFRMWK001HLTHFRMWK_BF /* HealthKit.framework in Frameworks */ = {isa = PBXBuildFile; fileRef = HLTHFRMWK001HLTHFRMWK_RF /* HealthKit.framework */; };
		HLTHSVC001HLTHSVC001BLDF /* HealthKitService.swift in Sources */ = {isa = PBXBuildFile; fileRef = HLTHSVC001HLTHSVC001STDY /* HealthKitService.swift */; };
		SCSTDY001SCSTDY001SCBLDF /* StudyTheme.swift in Sources */ = {isa = PBXBuildFile; fileRef = SCSTDY001SCSTDY001SCSTDY /* StudyTheme.swift */; };
		SCSTDY002SCSTDY002SCBLDF /* Models.swift in Sources */ = {isa = PBXBuildFile; fileRef = SCSTDY002SCSTDY002SCSTDY /* Models.swift */; };
		SCSTDY004SCSTDY004SCBLDF /* MainTabView.swift in Sources */ = {isa = PBXBuildFile; fileRef = SCSTDY004SCSTDY004SCSTDY /* MainTabView.swift */; };
		SCSTDY005SCSTDY005SCBLDF /* DashboardView.swift in Sources */ = {isa = PBXBuildFile; fileRef = SCSTDY005SCSTDY005SCSTDY /* DashboardView.swift */; };
		SCSTDY010SCSTDY010SCBLDF /* AnalyticsView.swift in Sources */ = {isa = PBXBuildFile; fileRef = SCSTDY010SCSTDY010SCSTDY /* AnalyticsView.swift */; };
		SCSTDY013SCSTDY013SCBLDF /* SettingsView.swift in Sources */ = {isa = PBXBuildFile; fileRef = SCSTDY013SCSTDY013SCSTDY /* SettingsView.swift */; };
		SCSTDY014SCSTDY014SCBLDF /* GroqService.swift in Sources */ = {isa = PBXBuildFile; fileRef = SCSTDY014SCSTDY014SCSTDY /* GroqService.swift */; };
		SCSTDY015SCSTDY015SCBLDF /* LearningStore.swift in Sources */ = {isa = PBXBuildFile; fileRef = SCSTDY015SCSTDY015SCSTDY /* LearningStore.swift */; };
		SCSTDY016SCSTDY016SCBLDF /* AITutorView.swift in Sources */ = {isa = PBXBuildFile; fileRef = SCSTDY016SCSTDY016SCSTDY /* AITutorView.swift */; };
		SCSTDY017SCSTDY017SCBLDF /* AITutorViewModel.swift in Sources */ = {isa = PBXBuildFile; fileRef = SCSTDY017SCSTDY017SCSTDY /* AITutorViewModel.swift */; };
		SCSTDY018SCSTDY018SCBLDF /* DocumentAnalyzerView.swift in Sources */ = {isa = PBXBuildFile; fileRef = SCSTDY018SCSTDY018SCSTDY /* DocumentAnalyzerView.swift */; };
		SCSTDY019SCSTDY019SCBLDF /* LearnHubView.swift in Sources */ = {isa = PBXBuildFile; fileRef = SCSTDY019SCSTDY019SCSTDY /* LearnHubView.swift */; };
		SCSTDY020SCSTDY020SCBLDF /* DocumentAnalyzerViewModel.swift in Sources */ = {isa = PBXBuildFile; fileRef = SCSTDY020SCSTDY020SCSTDY /* DocumentAnalyzerViewModel.swift */; };
		SCSTDY021SCSTDY021SCBLDF /* QuizViewModel.swift in Sources */ = {isa = PBXBuildFile; fileRef = SCSTDY021SCSTDY021SCSTDY /* QuizViewModel.swift */; };
		SCSTDY022SCSTDY022SCBLDF /* QuizView.swift in Sources */ = {isa = PBXBuildFile; fileRef = SCSTDY022SCSTDY022SCSTDY /* QuizView.swift */; };
		SCSTDY023SCSTDY023SCBLDF /* QuizSessionView.swift in Sources */ = {isa = PBXBuildFile; fileRef = SCSTDY023SCSTDY023SCSTDY /* QuizSessionView.swift */; };
		SCSTDY024SCSTDY024SCBLDF /* FlashcardsViewModel.swift in Sources */ = {isa = PBXBuildFile; fileRef = SCSTDY024SCSTDY024SCSTDY /* FlashcardsViewModel.swift */; };
		SCSTDY025SCSTDY025SCBLDF /* FlashcardsView.swift in Sources */ = {isa = PBXBuildFile; fileRef = SCSTDY025SCSTDY025SCSTDY /* FlashcardsView.swift */; };
		SCSTDY026SCSTDY026SCBLDF /* FlashcardReviewView.swift in Sources */ = {isa = PBXBuildFile; fileRef = SCSTDY026SCSTDY026SCSTDY /* FlashcardReviewView.swift */; };
		SPCHFRMWK001SPCHFRMWK_BF /* Speech.framework in Frameworks */ = {isa = PBXBuildFile; fileRef = SPCHFRMWK001SPCHFRMWK_RF /* Speech.framework */; };
		SPCHSVC001SPCHSVC001BLDF /* SpeechService.swift in Sources */ = {isa = PBXBuildFile; fileRef = SPCHSVC001SPCHSVC001STDY /* SpeechService.swift */; };
/* End PBXBuildFile section */

/* Begin PBXContainerItemProxy section */
		A6A4F4D82FDB9EE70083B8D2 /* PBXContainerItemProxy */ = {
			isa = PBXContainerItemProxy;
			containerPortal = A6A4F4BE2FDB9EE10083B8D2 /* Project object */;
			proxyType = 1;
			remoteGlobalIDString = A6A4F4C52FDB9EE10083B8D2;
			remoteInfo = FinalProject;
		};
		A6A4F4E22FDB9EE70083B8D2 /* PBXContainerItemProxy */ = {
			isa = PBXContainerItemProxy;
			containerPortal = A6A4F4BE2FDB9EE10083B8D2 /* Project object */;
			proxyType = 1;
			remoteGlobalIDString = A6A4F4C52FDB9EE10083B8D2;
			remoteInfo = FinalProject;
		};
/* End PBXContainerItemProxy section */

/* Begin PBXFileReference section */
		A63CBD5A2FDBB2CF0086CC37 /* Info.plist */ = {isa = PBXFileReference; lastKnownFileType = text.plist; path = Info.plist; sourceTree = "<group>"; };
		A6A4F4C62FDB9EE10083B8D2 /* FinalProject.app */ = {isa = PBXFileReference; explicitFileType = wrapper.application; includeInIndex = 0; path = FinalProject.app; sourceTree = BUILT_PRODUCTS_DIR; };
		A6A4F4C92FDB9EE10083B8D2 /* FinalProjectApp.swift */ = {isa = PBXFileReference; lastKnownFileType = sourcecode.swift; path = FinalProjectApp.swift; sourceTree = "<group>"; };
		A6A4F4CD2FDB9EE70083B8D2 /* Assets.xcassets */ = {isa = PBXFileReference; lastKnownFileType = folder.assetcatalog; path = Assets.xcassets; sourceTree = "<group>"; };
		A6A4F4CF2FDB9EE70083B8D2 /* FinalProject.entitlements */ = {isa = PBXFileReference; lastKnownFileType = text.plist.entitlements; path = FinalProject.entitlements; sourceTree = "<group>"; };
		A6A4F4D12FDB9EE70083B8D2 /* Preview Assets.xcassets */ = {isa = PBXFileReference; lastKnownFileType = folder.assetcatalog; path = "Preview Assets.xcassets"; sourceTree = "<group>"; };
		A6A4F4D72FDB9EE70083B8D2 /* FinalProjectTests.xctest */ = {isa = PBXFileReference; explicitFileType = wrapper.cfbundle; includeInIndex = 0; path = FinalProjectTests.xctest; sourceTree = BUILT_PRODUCTS_DIR; };
		A6A4F4DB2FDB9EE70083B8D2 /* FinalProjectTests.swift */ = {isa = PBXFileReference; lastKnownFileType = sourcecode.swift; path = FinalProjectTests.swift; sourceTree = "<group>"; };
		A6A4F4E12FDB9EE70083B8D2 /* FinalProjectUITests.xctest */ = {isa = PBXFileReference; explicitFileType = wrapper.cfbundle; includeInIndex = 0; path = FinalProjectUITests.xctest; sourceTree = BUILT_PRODUCTS_DIR; };
		A6A4F4E52FDB9EE70083B8D2 /* FinalProjectUITests.swift */ = {isa = PBXFileReference; lastKnownFileType = sourcecode.swift; path = FinalProjectUITests.swift; sourceTree = "<group>"; };
		A6A4F4E72FDB9EE70083B8D2 /* FinalProjectUITestsLaunchTests.swift */ = {isa = PBXFileReference; lastKnownFileType = sourcecode.swift; path = FinalProjectUITestsLaunchTests.swift; sourceTree = "<group>"; };
		HLTHFRMWK001HLTHFRMWK_RF /* HealthKit.framework */ = {isa = PBXFileReference; lastKnownFileType = wrapper.framework; name = HealthKit.framework; path = System/Library/Frameworks/HealthKit.framework; sourceTree = SDKROOT; };
		HLTHSVC001HLTHSVC001STDY /* HealthKitService.swift */ = {isa = PBXFileReference; lastKnownFileType = sourcecode.swift; path = HealthKitService.swift; sourceTree = "<group>"; };
		SCSTDY001SCSTDY001SCSTDY /* StudyTheme.swift */ = {isa = PBXFileReference; lastKnownFileType = sourcecode.swift; path = StudyTheme.swift; sourceTree = "<group>"; };
		SCSTDY002SCSTDY002SCSTDY /* Models.swift */ = {isa = PBXFileReference; lastKnownFileType = sourcecode.swift; path = Models.swift; sourceTree = "<group>"; };
		SCSTDY004SCSTDY004SCSTDY /* MainTabView.swift */ = {isa = PBXFileReference; lastKnownFileType = sourcecode.swift; path = MainTabView.swift; sourceTree = "<group>"; };
		SCSTDY005SCSTDY005SCSTDY /* DashboardView.swift */ = {isa = PBXFileReference; lastKnownFileType = sourcecode.swift; path = DashboardView.swift; sourceTree = "<group>"; };
		SCSTDY010SCSTDY010SCSTDY /* AnalyticsView.swift */ = {isa = PBXFileReference; lastKnownFileType = sourcecode.swift; path = AnalyticsView.swift; sourceTree = "<group>"; };
		SCSTDY013SCSTDY013SCSTDY /* SettingsView.swift */ = {isa = PBXFileReference; lastKnownFileType = sourcecode.swift; path = SettingsView.swift; sourceTree = "<group>"; };
		SCSTDY014SCSTDY014SCSTDY /* GroqService.swift */ = {isa = PBXFileReference; lastKnownFileType = sourcecode.swift; path = GroqService.swift; sourceTree = "<group>"; };
		SCSTDY015SCSTDY015SCSTDY /* LearningStore.swift */ = {isa = PBXFileReference; lastKnownFileType = sourcecode.swift; path = LearningStore.swift; sourceTree = "<group>"; };
		SCSTDY016SCSTDY016SCSTDY /* AITutorView.swift */ = {isa = PBXFileReference; lastKnownFileType = sourcecode.swift; path = AITutorView.swift; sourceTree = "<group>"; };
		SCSTDY017SCSTDY017SCSTDY /* AITutorViewModel.swift */ = {isa = PBXFileReference; lastKnownFileType = sourcecode.swift; path = AITutorViewModel.swift; sourceTree = "<group>"; };
		SCSTDY018SCSTDY018SCSTDY /* DocumentAnalyzerView.swift */ = {isa = PBXFileReference; lastKnownFileType = sourcecode.swift; path = DocumentAnalyzerView.swift; sourceTree = "<group>"; };
		SCSTDY019SCSTDY019SCSTDY /* LearnHubView.swift */ = {isa = PBXFileReference; lastKnownFileType = sourcecode.swift; path = LearnHubView.swift; sourceTree = "<group>"; };
		SCSTDY020SCSTDY020SCSTDY /* DocumentAnalyzerViewModel.swift */ = {isa = PBXFileReference; lastKnownFileType = sourcecode.swift; path = DocumentAnalyzerViewModel.swift; sourceTree = "<group>"; };
		SCSTDY021SCSTDY021SCSTDY /* QuizViewModel.swift */ = {isa = PBXFileReference; lastKnownFileType = sourcecode.swift; path = QuizViewModel.swift; sourceTree = "<group>"; };
		SCSTDY022SCSTDY022SCSTDY /* QuizView.swift */ = {isa = PBXFileReference; lastKnownFileType = sourcecode.swift; path = QuizView.swift; sourceTree = "<group>"; };
		SCSTDY023SCSTDY023SCSTDY /* QuizSessionView.swift */ = {isa = PBXFileReference; lastKnownFileType = sourcecode.swift; path = QuizSessionView.swift; sourceTree = "<group>"; };
		SCSTDY024SCSTDY024SCSTDY /* FlashcardsViewModel.swift */ = {isa = PBXFileReference; lastKnownFileType = sourcecode.swift; path = FlashcardsViewModel.swift; sourceTree = "<group>"; };
		SCSTDY025SCSTDY025SCSTDY /* FlashcardsView.swift */ = {isa = PBXFileReference; lastKnownFileType = sourcecode.swift; path = FlashcardsView.swift; sourceTree = "<group>"; };
		SCSTDY026SCSTDY026SCSTDY /* FlashcardReviewView.swift */ = {isa = PBXFileReference; lastKnownFileType = sourcecode.swift; path = FlashcardReviewView.swift; sourceTree = "<group>"; };
		SPCHFRMWK001SPCHFRMWK_RF /* Speech.framework */ = {isa = PBXFileReference; lastKnownFileType = wrapper.framework; name = Speech.framework; path = System/Library/Frameworks/Speech.framework; sourceTree = SDKROOT; };
		SPCHSVC001SPCHSVC001STDY /* SpeechService.swift */ = {isa = PBXFileReference; lastKnownFileType = sourcecode.swift; path = SpeechService.swift; sourceTree = "<group>"; };
		FBSVC001FBSVC001FBSTDY /* FirebaseAuthService.swift */ = {isa = PBXFileReference; lastKnownFileType = sourcecode.swift; path = FirebaseAuthService.swift; sourceTree = "<group>"; };
		FBAUTH01FBAUTH01FBSTDY /* AuthView.swift */ = {isa = PBXFileReference; lastKnownFileType = sourcecode.swift; path = AuthView.swift; sourceTree = "<group>"; };
		FBGSVC001FBGSVC001FBSTDY /* GoogleService-Info.plist */ = {isa = PBXFileReference; lastKnownFileType = text.plist; path = "GoogleService-Info.plist"; sourceTree = "<group>"; };
		NOTFSVC01NOTFSVC01STDY /* NotificationService.swift */ = {isa = PBXFileReference; lastKnownFileType = sourcecode.swift; path = NotificationService.swift; sourceTree = "<group>"; };
		CREWSVC01CREWSVC01STDY /* CrewAIService.swift */ = {isa = PBXFileReference; lastKnownFileType = sourcecode.swift; path = CrewAIService.swift; sourceTree = "<group>"; };
		CREWVW001CREWVW001STDY /* StudyCoachView.swift */ = {isa = PBXFileReference; lastKnownFileType = sourcecode.swift; path = StudyCoachView.swift; sourceTree = "<group>"; };
		FCAVC001FCAVC001STDY /* FocusVoiceCoach.swift */ = {isa = PBXFileReference; lastKnownFileType = sourcecode.swift; path = FocusVoiceCoach.swift; sourceTree = "<group>"; };
		FCAMSVC01FCAMSVC01STDY /* FocusCameraService.swift */ = {isa = PBXFileReference; lastKnownFileType = sourcecode.swift; path = FocusCameraService.swift; sourceTree = "<group>"; };
		FCANL001FCANL001STDY /* FocusAnalyzer.swift */ = {isa = PBXFileReference; lastKnownFileType = sourcecode.swift; path = FocusAnalyzer.swift; sourceTree = "<group>"; };
		FCAVML01FCAVML01STDY /* FocusSessionViewModel.swift */ = {isa = PBXFileReference; lastKnownFileType = sourcecode.swift; path = FocusSessionViewModel.swift; sourceTree = "<group>"; };
		FCAVW001FCAVW001STDY /* FocusSessionView.swift */ = {isa = PBXFileReference; lastKnownFileType = sourcecode.swift; path = FocusSessionView.swift; sourceTree = "<group>"; };
		TIMRVM01TIMRVM001STDY /* TimerViewModel.swift */ = {isa = PBXFileReference; lastKnownFileType = sourcecode.swift; path = TimerViewModel.swift; sourceTree = "<group>"; };
		TIMRVW01TIMRVW001STDY /* TimerView.swift */ = {isa = PBXFileReference; lastKnownFileType = sourcecode.swift; path = TimerView.swift; sourceTree = "<group>"; };
		QZRVW001QZRVW001STDY /* QuizReviewView.swift */ = {isa = PBXFileReference; lastKnownFileType = sourcecode.swift; path = QuizReviewView.swift; sourceTree = "<group>"; };
		SUBJMG01SUBJMG01STDY /* SubjectManagementView.swift */ = {isa = PBXFileReference; lastKnownFileType = sourcecode.swift; path = SubjectManagementView.swift; sourceTree = "<group>"; };
/* End PBXFileReference section */

/* Begin PBXFrameworksBuildPhase section */
		A6A4F4C32FDB9EE10083B8D2 /* Frameworks */ = {
			isa = PBXFrameworksBuildPhase;
			buildActionMask = 2147483647;
			files = (
				A63CBD552FDBB0CF0086CC37 /* GoogleSignIn in Frameworks */,
				A63CBD572FDBB0CF0086CC37 /* GoogleSignInSwift in Frameworks */,
				FA3CBD01FA3CBD01FA3CBD01 /* FirebaseAuth in Frameworks */,
				HLTHFRMWK001HLTHFRMWK_BF /* HealthKit.framework in Frameworks */,
				SPCHFRMWK001SPCHFRMWK_BF /* Speech.framework in Frameworks */,
			);
			runOnlyForDeploymentPostprocessing = 0;
		};
		A6A4F4D42FDB9EE70083B8D2 /* Frameworks */ = {
			isa = PBXFrameworksBuildPhase;
			buildActionMask = 2147483647;
			files = (
			);
			runOnlyForDeploymentPostprocessing = 0;
		};
		A6A4F4DE2FDB9EE70083B8D2 /* Frameworks */ = {
			isa = PBXFrameworksBuildPhase;
			buildActionMask = 2147483647;
			files = (
			);
			runOnlyForDeploymentPostprocessing = 0;
		};
/* End PBXFrameworksBuildPhase section */

/* Begin PBXGroup section */
		A67752322FE23F32005A87F6 /* Recovered References */ = {
			isa = PBXGroup;
			children = (
				HLTHFRMWK001HLTHFRMWK_RF /* HealthKit.framework */,
				SPCHFRMWK001SPCHFRMWK_RF /* Speech.framework */,
			);
			name = "Recovered References";
			sourceTree = "<group>";
		};
		A6A4F4BD2FDB9EE10083B8D2 = {
			isa = PBXGroup;
			children = (
				A6A4F4C82FDB9EE10083B8D2 /* FinalProject */,
				A6A4F4DA2FDB9EE70083B8D2 /* FinalProjectTests */,
				A6A4F4E42FDB9EE70083B8D2 /* FinalProjectUITests */,
				A6A4F4C72FDB9EE10083B8D2 /* Products */,
				A67752322FE23F32005A87F6 /* Recovered References */,
			);
			sourceTree = "<group>";
		};
		A6A4F4C72FDB9EE10083B8D2 /* Products */ = {
			isa = PBXGroup;
			children = (
				A6A4F4C62FDB9EE10083B8D2 /* FinalProject.app */,
				A6A4F4D72FDB9EE70083B8D2 /* FinalProjectTests.xctest */,
				A6A4F4E12FDB9EE70083B8D2 /* FinalProjectUITests.xctest */,
			);
			name = Products;
			sourceTree = "<group>";
		};
		A6A4F4C82FDB9EE10083B8D2 /* FinalProject */ = {
			isa = PBXGroup;
			children = (
				A6A4F4C92FDB9EE10083B8D2 /* FinalProjectApp.swift */,
				SCSTDY004SCSTDY004SCSTDY /* MainTabView.swift */,
				GRP_FEAT_0000000000001 /* Features */,
				GRP_MODL_0000000000010 /* Models */,
				GRP_SRVC_0000000000011 /* Services */,
				GRP_THEM_0000000000012 /* Theme */,
				A6A4F4CD2FDB9EE70083B8D2 /* Assets.xcassets */,
				A6A4F4CF2FDB9EE70083B8D2 /* FinalProject.entitlements */,
				A63CBD5A2FDBB2CF0086CC37 /* Info.plist */,
				FBGSVC001FBGSVC001FBSTDY /* GoogleService-Info.plist */,
				A6A4F4D02FDB9EE70083B8D2 /* Preview Content */,
			);
			path = FinalProject;
			sourceTree = "<group>";
		};
		A6A4F4D02FDB9EE70083B8D2 /* Preview Content */ = {
			isa = PBXGroup;
			children = (
				A6A4F4D12FDB9EE70083B8D2 /* Preview Assets.xcassets */,
			);
			path = "Preview Content";
			sourceTree = "<group>";
		};
		A6A4F4DA2FDB9EE70083B8D2 /* FinalProjectTests */ = {
			isa = PBXGroup;
			children = (
				A6A4F4DB2FDB9EE70083B8D2 /* FinalProjectTests.swift */,
			);
			path = FinalProjectTests;
			sourceTree = "<group>";
		};
		A6A4F4E42FDB9EE70083B8D2 /* FinalProjectUITests */ = {
			isa = PBXGroup;
			children = (
				A6A4F4E52FDB9EE70083B8D2 /* FinalProjectUITests.swift */,
				A6A4F4E72FDB9EE70083B8D2 /* FinalProjectUITestsLaunchTests.swift */,
			);
			path = FinalProjectUITests;
			sourceTree = "<group>";
		};
		GRP_ANLT_0000000000008 /* Analytics */ = {
			isa = PBXGroup;
			children = (
				SCSTDY010SCSTDY010SCSTDY /* AnalyticsView.swift */,
			);
			path = Analytics;
			sourceTree = "<group>";
		};
		GRP_DASH_0000000000002 /* Dashboard */ = {
			isa = PBXGroup;
			children = (
				SCSTDY005SCSTDY005SCSTDY /* DashboardView.swift */,
			);
			path = Dashboard;
			sourceTree = "<group>";
		};
		GRP_DOCS_0000000000004 /* DocumentAnalyzer */ = {
			isa = PBXGroup;
			children = (
				SCSTDY018SCSTDY018SCSTDY /* DocumentAnalyzerView.swift */,
				SCSTDY020SCSTDY020SCSTDY /* DocumentAnalyzerViewModel.swift */,
			);
			path = DocumentAnalyzer;
			sourceTree = "<group>";
		};
		GRP_FEAT_0000000000001 /* Features */ = {
			isa = PBXGroup;
			children = (
				GRP_AUTH_0000000000013 /* Auth */,
				GRP_DASH_0000000000002 /* Dashboard */,
				GRP_TUTO_0000000000003 /* AITutor */,
				GRP_DOCS_0000000000004 /* DocumentAnalyzer */,
				GRP_LERN_0000000000005 /* Learn */,
				GRP_TIMR_0000000000014 /* Timer */,
				GRP_ANLT_0000000000008 /* Analytics */,
				GRP_SETT_0000000000009 /* Settings */,
				GRP_CREW_0000000000016 /* StudyCoach */,
				GRP_FCAM_0000000000017 /* FocusCamera */,
			);
			path = Features;
			sourceTree = "<group>";
		};
		GRP_FLSH_0000000000007 /* Flashcards */ = {
			isa = PBXGroup;
			children = (
				SCSTDY025SCSTDY025SCSTDY /* FlashcardsView.swift */,
				SCSTDY026SCSTDY026SCSTDY /* FlashcardReviewView.swift */,
				SCSTDY024SCSTDY024SCSTDY /* FlashcardsViewModel.swift */,
			);
			path = Flashcards;
			sourceTree = "<group>";
		};
		GRP_LERN_0000000000005 /* Learn */ = {
			isa = PBXGroup;
			children = (
				SCSTDY019SCSTDY019SCSTDY /* LearnHubView.swift */,
				GRP_QUIZ_0000000000006 /* Quiz */,
				GRP_FLSH_0000000000007 /* Flashcards */,
			);
			path = Learn;
			sourceTree = "<group>";
		};
		GRP_MODL_0000000000010 /* Models */ = {
			isa = PBXGroup;
			children = (
				SCSTDY002SCSTDY002SCSTDY /* Models.swift */,
			);
			path = Models;
			sourceTree = "<group>";
		};
		GRP_QUIZ_0000000000006 /* Quiz */ = {
			isa = PBXGroup;
			children = (
				SCSTDY022SCSTDY022SCSTDY /* QuizView.swift */,
				SCSTDY023SCSTDY023SCSTDY /* QuizSessionView.swift */,
				SCSTDY021SCSTDY021SCSTDY /* QuizViewModel.swift */,
				QZRVW001QZRVW001STDY /* QuizReviewView.swift */,
			);
			path = Quiz;
			sourceTree = "<group>";
		};
		GRP_SETT_0000000000009 /* Settings */ = {
			isa = PBXGroup;
			children = (
				SCSTDY013SCSTDY013SCSTDY /* SettingsView.swift */,
				SUBJMG01SUBJMG01STDY /* SubjectManagementView.swift */,
			);
			path = Settings;
			sourceTree = "<group>";
		};
		GRP_SRVC_0000000000011 /* Services */ = {
			isa = PBXGroup;
			children = (
				SCSTDY014SCSTDY014SCSTDY /* GroqService.swift */,
				SCSTDY015SCSTDY015SCSTDY /* LearningStore.swift */,
				HLTHSVC001HLTHSVC001STDY /* HealthKitService.swift */,
				SPCHSVC001SPCHSVC001STDY /* SpeechService.swift */,
				FBSVC001FBSVC001FBSTDY /* FirebaseAuthService.swift */,
				NOTFSVC01NOTFSVC01STDY /* NotificationService.swift */,
				CREWSVC01CREWSVC01STDY /* CrewAIService.swift */,
			);
			path = Services;
			sourceTree = "<group>";
		};
		GRP_CREW_0000000000016 /* StudyCoach */ = {
			isa = PBXGroup;
			children = (
				CREWVW001CREWVW001STDY /* StudyCoachView.swift */,
			);
			path = StudyCoach;
			sourceTree = "<group>";
		};
		GRP_FCAM_0000000000017 /* FocusCamera */ = {
			isa = PBXGroup;
			children = (
				FCAVC001FCAVC001STDY /* FocusVoiceCoach.swift */,
				FCAMSVC01FCAMSVC01STDY /* FocusCameraService.swift */,
				FCANL001FCANL001STDY /* FocusAnalyzer.swift */,
				FCAVML01FCAVML01STDY /* FocusSessionViewModel.swift */,
				FCAVW001FCAVW001STDY /* FocusSessionView.swift */,
			);
			path = FocusCamera;
			sourceTree = "<group>";
		};
		GRP_TIMR_0000000000014 /* Timer */ = {
			isa = PBXGroup;
			children = (
				TIMRVM01TIMRVM001STDY /* TimerViewModel.swift */,
				TIMRVW01TIMRVW001STDY /* TimerView.swift */,
			);
			path = Timer;
			sourceTree = "<group>";
		};
		GRP_AUTH_0000000000013 /* Auth */ = {
			isa = PBXGroup;
			children = (
				FBAUTH01FBAUTH01FBSTDY /* AuthView.swift */,
			);
			path = Auth;
			sourceTree = "<group>";
		};
		GRP_THEM_0000000000012 /* Theme */ = {
			isa = PBXGroup;
			children = (
				SCSTDY001SCSTDY001SCSTDY /* StudyTheme.swift */,
			);
			path = Theme;
			sourceTree = "<group>";
		};
		GRP_TUTO_0000000000003 /* AITutor */ = {
			isa = PBXGroup;
			children = (
				SCSTDY016SCSTDY016SCSTDY /* AITutorView.swift */,
				SCSTDY017SCSTDY017SCSTDY /* AITutorViewModel.swift */,
			);
			path = AITutor;
			sourceTree = "<group>";
		};
/* End PBXGroup section */

/* Begin PBXNativeTarget section */
		A6A4F4C52FDB9EE10083B8D2 /* FinalProject */ = {
			isa = PBXNativeTarget;
			buildConfigurationList = A6A4F4EB2FDB9EE70083B8D2 /* Build configuration list for PBXNativeTarget "FinalProject" */;
			buildPhases = (
				A6A4F4C22FDB9EE10083B8D2 /* Sources */,
				A6A4F4C32FDB9EE10083B8D2 /* Frameworks */,
				A6A4F4C42FDB9EE10083B8D2 /* Resources */,
			);
			buildRules = (
			);
			dependencies = (
			);
			name = FinalProject;
			packageProductDependencies = (
				A63CBD542FDBB0CF0086CC37 /* GoogleSignIn */,
				A63CBD562FDBB0CF0086CC37 /* GoogleSignInSwift */,
				FA3CBD02FA3CBD02FA3CBD02 /* FirebaseAuth */,
			);
			productName = FinalProject;
			productReference = A6A4F4C62FDB9EE10083B8D2 /* FinalProject.app */;
			productType = "com.apple.product-type.application";
		};
		A6A4F4D62FDB9EE70083B8D2 /* FinalProjectTests */ = {
			isa = PBXNativeTarget;
			buildConfigurationList = A6A4F4EE2FDB9EE70083B8D2 /* Build configuration list for PBXNativeTarget "FinalProjectTests" */;
			buildPhases = (
				A6A4F4D32FDB9EE70083B8D2 /* Sources */,
				A6A4F4D42FDB9EE70083B8D2 /* Frameworks */,
				A6A4F4D52FDB9EE70083B8D2 /* Resources */,
			);
			buildRules = (
			);
			dependencies = (
				A6A4F4D92FDB9EE70083B8D2 /* PBXTargetDependency */,
			);
			name = FinalProjectTests;
			productName = FinalProjectTests;
			productReference = A6A4F4D72FDB9EE70083B8D2 /* FinalProjectTests.xctest */;
			productType = "com.apple.product-type.bundle.unit-test";
		};
		A6A4F4E02FDB9EE70083B8D2 /* FinalProjectUITests */ = {
			isa = PBXNativeTarget;
			buildConfigurationList = A6A4F4F12FDB9EE70083B8D2 /* Build configuration list for PBXNativeTarget "FinalProjectUITests" */;
			buildPhases = (
				A6A4F4DD2FDB9EE70083B8D2 /* Sources */,
				A6A4F4DE2FDB9EE70083B8D2 /* Frameworks */,
				A6A4F4DF2FDB9EE70083B8D2 /* Resources */,
			);
			buildRules = (
			);
			dependencies = (
				A6A4F4E32FDB9EE70083B8D2 /* PBXTargetDependency */,
			);
			name = FinalProjectUITests;
			productName = FinalProjectUITests;
			productReference = A6A4F4E12FDB9EE70083B8D2 /* FinalProjectUITests.xctest */;
			productType = "com.apple.product-type.bundle.ui-testing";
		};
/* End PBXNativeTarget section */

/* Begin PBXProject section */
		A6A4F4BE2FDB9EE10083B8D2 /* Project object */ = {
			isa = PBXProject;
			attributes = {
				BuildIndependentTargetsInParallel = 1;
				LastSwiftUpdateCheck = 1430;
				LastUpgradeCheck = 1430;
				TargetAttributes = {
					A6A4F4C52FDB9EE10083B8D2 = {
						CreatedOnToolsVersion = 14.3.1;
					};
					A6A4F4D62FDB9EE70083B8D2 = {
						CreatedOnToolsVersion = 14.3.1;
						TestTargetID = A6A4F4C52FDB9EE10083B8D2;
					};
					A6A4F4E02FDB9EE70083B8D2 = {
						CreatedOnToolsVersion = 14.3.1;
						TestTargetID = A6A4F4C52FDB9EE10083B8D2;
					};
				};
			};
			buildConfigurationList = A6A4F4C12FDB9EE10083B8D2 /* Build configuration list for PBXProject "FinalProject" */;
			compatibilityVersion = "Xcode 14.0";
			developmentRegion = en;
			hasScannedForEncodings = 0;
			knownRegions = (
				en,
				Base,
			);
			mainGroup = A6A4F4BD2FDB9EE10083B8D2;
			packageReferences = (
				A63CBD532FDBB0CF0086CC37 /* XCRemoteSwiftPackageReference "GoogleSignIn-iOS" */,
				A67752332FE24AB7005A87F6 /* XCRemoteSwiftPackageReference "firebase-ios-sdk" */,
			);
			productRefGroup = A6A4F4C72FDB9EE10083B8D2 /* Products */;
			projectDirPath = "";
			projectRoot = "";
			targets = (
				A6A4F4C52FDB9EE10083B8D2 /* FinalProject */,
				A6A4F4D62FDB9EE70083B8D2 /* FinalProjectTests */,
				A6A4F4E02FDB9EE70083B8D2 /* FinalProjectUITests */,
			);
		};
/* End PBXProject section */

/* Begin PBXResourcesBuildPhase section */
		A6A4F4C42FDB9EE10083B8D2 /* Resources */ = {
			isa = PBXResourcesBuildPhase;
			buildActionMask = 2147483647;
			files = (
				A6A4F4D22FDB9EE70083B8D2 /* Preview Assets.xcassets in Resources */,
				A6A4F4CE2FDB9EE70083B8D2 /* Assets.xcassets in Resources */,
				FBGSVC001FBGSVC001FBRSRC /* GoogleService-Info.plist in Resources */,
			);
			runOnlyForDeploymentPostprocessing = 0;
		};
		A6A4F4D52FDB9EE70083B8D2 /* Resources */ = {
			isa = PBXResourcesBuildPhase;
			buildActionMask = 2147483647;
			files = (
			);
			runOnlyForDeploymentPostprocessing = 0;
		};
		A6A4F4DF2FDB9EE70083B8D2 /* Resources */ = {
			isa = PBXResourcesBuildPhase;
			buildActionMask = 2147483647;
			files = (
			);
			runOnlyForDeploymentPostprocessing = 0;
		};
/* End PBXResourcesBuildPhase section */

/* Begin PBXSourcesBuildPhase section */
		A6A4F4C22FDB9EE10083B8D2 /* Sources */ = {
			isa = PBXSourcesBuildPhase;
			buildActionMask = 2147483647;
			files = (
				A6A4F4CA2FDB9EE10083B8D2 /* FinalProjectApp.swift in Sources */,
				SCSTDY001SCSTDY001SCBLDF /* StudyTheme.swift in Sources */,
				SCSTDY002SCSTDY002SCBLDF /* Models.swift in Sources */,
				SCSTDY004SCSTDY004SCBLDF /* MainTabView.swift in Sources */,
				SCSTDY005SCSTDY005SCBLDF /* DashboardView.swift in Sources */,
				SCSTDY010SCSTDY010SCBLDF /* AnalyticsView.swift in Sources */,
				SCSTDY013SCSTDY013SCBLDF /* SettingsView.swift in Sources */,
				SCSTDY014SCSTDY014SCBLDF /* GroqService.swift in Sources */,
				SCSTDY015SCSTDY015SCBLDF /* LearningStore.swift in Sources */,
				SCSTDY016SCSTDY016SCBLDF /* AITutorView.swift in Sources */,
				SCSTDY017SCSTDY017SCBLDF /* AITutorViewModel.swift in Sources */,
				SCSTDY018SCSTDY018SCBLDF /* DocumentAnalyzerView.swift in Sources */,
				SCSTDY019SCSTDY019SCBLDF /* LearnHubView.swift in Sources */,
				SCSTDY020SCSTDY020SCBLDF /* DocumentAnalyzerViewModel.swift in Sources */,
				SCSTDY021SCSTDY021SCBLDF /* QuizViewModel.swift in Sources */,
				SCSTDY022SCSTDY022SCBLDF /* QuizView.swift in Sources */,
				SCSTDY023SCSTDY023SCBLDF /* QuizSessionView.swift in Sources */,
				SCSTDY024SCSTDY024SCBLDF /* FlashcardsViewModel.swift in Sources */,
				SCSTDY025SCSTDY025SCBLDF /* FlashcardsView.swift in Sources */,
				SCSTDY026SCSTDY026SCBLDF /* FlashcardReviewView.swift in Sources */,
				HLTHSVC001HLTHSVC001BLDF /* HealthKitService.swift in Sources */,
				SPCHSVC001SPCHSVC001BLDF /* SpeechService.swift in Sources */,
				FBSVC001FBSVC001FBBLDF /* FirebaseAuthService.swift in Sources */,
				FBAUTH01FBAUTH01FBBLDF /* AuthView.swift in Sources */,
				NOTFSVC01NOTFSVC01BLDF /* NotificationService.swift in Sources */,
				TIMRVM01TIMRVM001BLDF /* TimerViewModel.swift in Sources */,
				TIMRVW01TIMRVW001BLDF /* TimerView.swift in Sources */,
				QZRVW001QZRVW001BLDF /* QuizReviewView.swift in Sources */,
				SUBJMG01SUBJMG01BLDF /* SubjectManagementView.swift in Sources */,
				CREWSVC01CREWSVC01BLDF /* CrewAIService.swift in Sources */,
				CREWVW001CREWVW001BLDF /* StudyCoachView.swift in Sources */,
				FCAVC001FCAVC001BLDF /* FocusVoiceCoach.swift in Sources */,
				FCAMSVC01FCAMSVC01BLDF /* FocusCameraService.swift in Sources */,
				FCANL001FCANL001BLDF /* FocusAnalyzer.swift in Sources */,
				FCAVML01FCAVML01BLDF /* FocusSessionViewModel.swift in Sources */,
				FCAVW001FCAVW001BLDF /* FocusSessionView.swift in Sources */,
			);
			runOnlyForDeploymentPostprocessing = 0;
		};
		A6A4F4D32FDB9EE70083B8D2 /* Sources */ = {
			isa = PBXSourcesBuildPhase;
			buildActionMask = 2147483647;
			files = (
				A6A4F4DC2FDB9EE70083B8D2 /* FinalProjectTests.swift in Sources */,
			);
			runOnlyForDeploymentPostprocessing = 0;
		};
		A6A4F4DD2FDB9EE70083B8D2 /* Sources */ = {
			isa = PBXSourcesBuildPhase;
			buildActionMask = 2147483647;
			files = (
				A6A4F4E62FDB9EE70083B8D2 /* FinalProjectUITests.swift in Sources */,
				A6A4F4E82FDB9EE70083B8D2 /* FinalProjectUITestsLaunchTests.swift in Sources */,
			);
			runOnlyForDeploymentPostprocessing = 0;
		};
/* End PBXSourcesBuildPhase section */

/* Begin PBXTargetDependency section */
		A6A4F4D92FDB9EE70083B8D2 /* PBXTargetDependency */ = {
			isa = PBXTargetDependency;
			target = A6A4F4C52FDB9EE10083B8D2 /* FinalProject */;
			targetProxy = A6A4F4D82FDB9EE70083B8D2 /* PBXContainerItemProxy */;
		};
		A6A4F4E32FDB9EE70083B8D2 /* PBXTargetDependency */ = {
			isa = PBXTargetDependency;
			target = A6A4F4C52FDB9EE10083B8D2 /* FinalProject */;
			targetProxy = A6A4F4E22FDB9EE70083B8D2 /* PBXContainerItemProxy */;
		};
/* End PBXTargetDependency section */

/* Begin XCBuildConfiguration section */
		A6A4F4E92FDB9EE70083B8D2 /* Debug */ = {
			isa = XCBuildConfiguration;
			buildSettings = {
				ALWAYS_SEARCH_USER_PATHS = NO;
				CLANG_ANALYZER_NONNULL = YES;
				CLANG_ANALYZER_NUMBER_OBJECT_CONVERSION = YES_AGGRESSIVE;
				CLANG_CXX_LANGUAGE_STANDARD = "gnu++20";
				CLANG_ENABLE_MODULES = YES;
				CLANG_ENABLE_OBJC_ARC = YES;
				CLANG_ENABLE_OBJC_WEAK = YES;
				CLANG_WARN_BLOCK_CAPTURE_AUTORELEASING = YES;
				CLANG_WARN_BOOL_CONVERSION = YES;
				CLANG_WARN_COMMA = YES;
				CLANG_WARN_CONSTANT_CONVERSION = YES;
				CLANG_WARN_DEPRECATED_OBJC_IMPLEMENTATIONS = YES;
				CLANG_WARN_DIRECT_OBJC_ISA_USAGE = YES_ERROR;
				CLANG_WARN_DOCUMENTATION_COMMENTS = YES;
				CLANG_WARN_EMPTY_BODY = YES;
				CLANG_WARN_ENUM_CONVERSION = YES;
				CLANG_WARN_INFINITE_RECURSION = YES;
				CLANG_WARN_INT_CONVERSION = YES;
				CLANG_WARN_NON_LITERAL_NULL_CONVERSION = YES;
				CLANG_WARN_OBJC_IMPLICIT_RETAIN_SELF = YES;
				CLANG_WARN_OBJC_LITERAL_CONVERSION = YES;
				CLANG_WARN_OBJC_ROOT_CLASS = YES_ERROR;
				CLANG_WARN_QUOTED_INCLUDE_IN_FRAMEWORK_HEADER = YES;
				CLANG_WARN_RANGE_LOOP_ANALYSIS = YES;
				CLANG_WARN_STRICT_PROTOTYPES = YES;
				CLANG_WARN_SUSPICIOUS_MOVE = YES;
				CLANG_WARN_UNGUARDED_AVAILABILITY = YES_AGGRESSIVE;
				CLANG_WARN_UNREACHABLE_CODE = YES;
				CLANG_WARN__DUPLICATE_METHOD_MATCH = YES;
				COPY_PHASE_STRIP = NO;
				DEBUG_INFORMATION_FORMAT = dwarf;
				ENABLE_STRICT_OBJC_MSGSEND = YES;
				ENABLE_TESTABILITY = YES;
				GCC_C_LANGUAGE_STANDARD = gnu11;
				GCC_DYNAMIC_NO_PIC = NO;
				GCC_NO_COMMON_BLOCKS = YES;
				GCC_OPTIMIZATION_LEVEL = 0;
				GCC_PREPROCESSOR_DEFINITIONS = (
					"DEBUG=1",
					"$(inherited)",
				);
				GCC_WARN_64_TO_32_BIT_CONVERSION = YES;
				GCC_WARN_ABOUT_RETURN_TYPE = YES_ERROR;
				GCC_WARN_UNDECLARED_SELECTOR = YES;
				GCC_WARN_UNINITIALIZED_AUTOS = YES_AGGRESSIVE;
				GCC_WARN_UNUSED_FUNCTION = YES;
				GCC_WARN_UNUSED_VARIABLE = YES;
				MTL_ENABLE_DEBUG_INFO = INCLUDE_SOURCE;
				MTL_FAST_MATH = YES;
				ONLY_ACTIVE_ARCH = YES;
				SWIFT_ACTIVE_COMPILATION_CONDITIONS = DEBUG;
				SWIFT_OPTIMIZATION_LEVEL = "-Onone";
			};
			name = Debug;
		};
		A6A4F4EA2FDB9EE70083B8D2 /* Release */ = {
			isa = XCBuildConfiguration;
			buildSettings = {
				ALWAYS_SEARCH_USER_PATHS = NO;
				CLANG_ANALYZER_NONNULL = YES;
				CLANG_ANALYZER_NUMBER_OBJECT_CONVERSION = YES_AGGRESSIVE;
				CLANG_CXX_LANGUAGE_STANDARD = "gnu++20";
				CLANG_ENABLE_MODULES = YES;
				CLANG_ENABLE_OBJC_ARC = YES;
				CLANG_ENABLE_OBJC_WEAK = YES;
				CLANG_WARN_BLOCK_CAPTURE_AUTORELEASING = YES;
				CLANG_WARN_BOOL_CONVERSION = YES;
				CLANG_WARN_COMMA = YES;
				CLANG_WARN_CONSTANT_CONVERSION = YES;
				CLANG_WARN_DEPRECATED_OBJC_IMPLEMENTATIONS = YES;
				CLANG_WARN_DIRECT_OBJC_ISA_USAGE = YES_ERROR;
				CLANG_WARN_DOCUMENTATION_COMMENTS = YES;
				CLANG_WARN_EMPTY_BODY = YES;
				CLANG_WARN_ENUM_CONVERSION = YES;
				CLANG_WARN_INFINITE_RECURSION = YES;
				CLANG_WARN_INT_CONVERSION = YES;
				CLANG_WARN_NON_LITERAL_NULL_CONVERSION = YES;
				CLANG_WARN_OBJC_IMPLICIT_RETAIN_SELF = YES;
				CLANG_WARN_OBJC_LITERAL_CONVERSION = YES;
				CLANG_WARN_OBJC_ROOT_CLASS = YES_ERROR;
				CLANG_WARN_QUOTED_INCLUDE_IN_FRAMEWORK_HEADER = YES;
				CLANG_WARN_RANGE_LOOP_ANALYSIS = YES;
				CLANG_WARN_STRICT_PROTOTYPES = YES;
				CLANG_WARN_SUSPICIOUS_MOVE = YES;
				CLANG_WARN_UNGUARDED_AVAILABILITY = YES_AGGRESSIVE;
				CLANG_WARN_UNREACHABLE_CODE = YES;
				CLANG_WARN__DUPLICATE_METHOD_MATCH = YES;
				COPY_PHASE_STRIP = NO;
				DEBUG_INFORMATION_FORMAT = "dwarf-with-dsym";
				ENABLE_NS_ASSERTIONS = NO;
				ENABLE_STRICT_OBJC_MSGSEND = YES;
				GCC_C_LANGUAGE_STANDARD = gnu11;
				GCC_NO_COMMON_BLOCKS = YES;
				GCC_WARN_64_TO_32_BIT_CONVERSION = YES;
				GCC_WARN_ABOUT_RETURN_TYPE = YES_ERROR;
				GCC_WARN_UNDECLARED_SELECTOR = YES;
				GCC_WARN_UNINITIALIZED_AUTOS = YES_AGGRESSIVE;
				GCC_WARN_UNUSED_FUNCTION = YES;
				GCC_WARN_UNUSED_VARIABLE = YES;
				MTL_ENABLE_DEBUG_INFO = NO;
				MTL_FAST_MATH = YES;
				SWIFT_COMPILATION_MODE = wholemodule;
				SWIFT_OPTIMIZATION_LEVEL = "-O";
			};
			name = Release;
		};
		A6A4F4EC2FDB9EE70083B8D2 /* Debug */ = {
			isa = XCBuildConfiguration;
			buildSettings = {
				ASSETCATALOG_COMPILER_APPICON_NAME = AppIcon;
				ASSETCATALOG_COMPILER_GLOBAL_ACCENT_COLOR_NAME = AccentColor;
				CODE_SIGN_ENTITLEMENTS = FinalProject/FinalProject.entitlements;
				CODE_SIGN_STYLE = Automatic;
				CURRENT_PROJECT_VERSION = 1;
				DEVELOPMENT_ASSET_PATHS = "\"FinalProject/Preview Content\"";
				DEVELOPMENT_TEAM = VAJHKCB66A;
				ENABLE_PREVIEWS = YES;
				GENERATE_INFOPLIST_FILE = YES;
				INFOPLIST_FILE = FinalProject/Info.plist;
				"INFOPLIST_KEY_UIApplicationSceneManifest_Generation[sdk=iphoneos*]" = YES;
				"INFOPLIST_KEY_UIApplicationSceneManifest_Generation[sdk=iphonesimulator*]" = YES;
				"INFOPLIST_KEY_UIApplicationSupportsIndirectInputEvents[sdk=iphoneos*]" = YES;
				"INFOPLIST_KEY_UIApplicationSupportsIndirectInputEvents[sdk=iphonesimulator*]" = YES;
				"INFOPLIST_KEY_UILaunchScreen_Generation[sdk=iphoneos*]" = YES;
				"INFOPLIST_KEY_UILaunchScreen_Generation[sdk=iphonesimulator*]" = YES;
				"INFOPLIST_KEY_UIStatusBarStyle[sdk=iphoneos*]" = UIStatusBarStyleDefault;
				"INFOPLIST_KEY_UIStatusBarStyle[sdk=iphonesimulator*]" = UIStatusBarStyleDefault;
				INFOPLIST_KEY_UISupportedInterfaceOrientations_iPad = "UIInterfaceOrientationPortrait UIInterfaceOrientationPortraitUpsideDown UIInterfaceOrientationLandscapeLeft UIInterfaceOrientationLandscapeRight";
				INFOPLIST_KEY_UISupportedInterfaceOrientations_iPhone = "UIInterfaceOrientationPortrait UIInterfaceOrientationLandscapeLeft UIInterfaceOrientationLandscapeRight";
				IPHONEOS_DEPLOYMENT_TARGET = 16.0;
				LD_RUNPATH_SEARCH_PATHS = "@executable_path/Frameworks";
				"LD_RUNPATH_SEARCH_PATHS[sdk=macosx*]" = "@executable_path/../Frameworks";
				MACOSX_DEPLOYMENT_TARGET = 13.3;
				MARKETING_VERSION = 1.0;
				PRODUCT_BUNDLE_IDENTIFIER = njjxzc.adu.cn.FinalProject;
				PRODUCT_NAME = "$(TARGET_NAME)";
				SDKROOT = iphoneos;
				SUPPORTED_PLATFORMS = "iphoneos iphonesimulator";
				SUPPORTS_MACCATALYST = NO;
				SWIFT_EMIT_LOC_STRINGS = YES;
				SWIFT_VERSION = 5.0;
				TARGETED_DEVICE_FAMILY = "1,2";
			};
			name = Debug;
		};
		A6A4F4ED2FDB9EE70083B8D2 /* Release */ = {
			isa = XCBuildConfiguration;
			buildSettings = {
				ASSETCATALOG_COMPILER_APPICON_NAME = AppIcon;
				ASSETCATALOG_COMPILER_GLOBAL_ACCENT_COLOR_NAME = AccentColor;
				CODE_SIGN_ENTITLEMENTS = FinalProject/FinalProject.entitlements;
				CODE_SIGN_STYLE = Automatic;
				CURRENT_PROJECT_VERSION = 1;
				DEVELOPMENT_ASSET_PATHS = "\"FinalProject/Preview Content\"";
				DEVELOPMENT_TEAM = VAJHKCB66A;
				ENABLE_PREVIEWS = YES;
				GENERATE_INFOPLIST_FILE = YES;
				INFOPLIST_FILE = FinalProject/Info.plist;
				"INFOPLIST_KEY_UIApplicationSceneManifest_Generation[sdk=iphoneos*]" = YES;
				"INFOPLIST_KEY_UIApplicationSceneManifest_Generation[sdk=iphonesimulator*]" = YES;
				"INFOPLIST_KEY_UIApplicationSupportsIndirectInputEvents[sdk=iphoneos*]" = YES;
				"INFOPLIST_KEY_UIApplicationSupportsIndirectInputEvents[sdk=iphonesimulator*]" = YES;
				"INFOPLIST_KEY_UILaunchScreen_Generation[sdk=iphoneos*]" = YES;
				"INFOPLIST_KEY_UILaunchScreen_Generation[sdk=iphonesimulator*]" = YES;
				"INFOPLIST_KEY_UIStatusBarStyle[sdk=iphoneos*]" = UIStatusBarStyleDefault;
				"INFOPLIST_KEY_UIStatusBarStyle[sdk=iphonesimulator*]" = UIStatusBarStyleDefault;
				INFOPLIST_KEY_UISupportedInterfaceOrientations_iPad = "UIInterfaceOrientationPortrait UIInterfaceOrientationPortraitUpsideDown UIInterfaceOrientationLandscapeLeft UIInterfaceOrientationLandscapeRight";
				INFOPLIST_KEY_UISupportedInterfaceOrientations_iPhone = "UIInterfaceOrientationPortrait UIInterfaceOrientationLandscapeLeft UIInterfaceOrientationLandscapeRight";
				IPHONEOS_DEPLOYMENT_TARGET = 16.0;
				LD_RUNPATH_SEARCH_PATHS = "@executable_path/Frameworks";
				"LD_RUNPATH_SEARCH_PATHS[sdk=macosx*]" = "@executable_path/../Frameworks";
				MACOSX_DEPLOYMENT_TARGET = 13.3;
				MARKETING_VERSION = 1.0;
				PRODUCT_BUNDLE_IDENTIFIER = njjxzc.adu.cn.FinalProject;
				PRODUCT_NAME = "$(TARGET_NAME)";
				SDKROOT = iphoneos;
				SUPPORTED_PLATFORMS = "iphoneos iphonesimulator";
				SUPPORTS_MACCATALYST = NO;
				SWIFT_EMIT_LOC_STRINGS = YES;
				SWIFT_VERSION = 5.0;
				TARGETED_DEVICE_FAMILY = "1,2";
			};
			name = Release;
		};
		A6A4F4EF2FDB9EE70083B8D2 /* Debug */ = {
			isa = XCBuildConfiguration;
			buildSettings = {
				ALWAYS_EMBED_SWIFT_STANDARD_LIBRARIES = YES;
				BUNDLE_LOADER = "$(TEST_HOST)";
				CODE_SIGN_STYLE = Automatic;
				CURRENT_PROJECT_VERSION = 1;
				GENERATE_INFOPLIST_FILE = YES;
				IPHONEOS_DEPLOYMENT_TARGET = 16.4;
				MACOSX_DEPLOYMENT_TARGET = 13.3;
				MARKETING_VERSION = 1.0;
				PRODUCT_BUNDLE_IDENTIFIER = njjxzc.adu.cn.FinalProjectTests;
				PRODUCT_NAME = "$(TARGET_NAME)";
				SDKROOT = iphoneos;
				SUPPORTED_PLATFORMS = "iphoneos iphonesimulator";
				SUPPORTS_MACCATALYST = NO;
				SWIFT_EMIT_LOC_STRINGS = NO;
				SWIFT_VERSION = 5.0;
				TARGETED_DEVICE_FAMILY = "1,2";
				TEST_HOST = "$(BUILT_PRODUCTS_DIR)/FinalProject.app/$(BUNDLE_EXECUTABLE_FOLDER_PATH)/FinalProject";
			};
			name = Debug;
		};
		A6A4F4F02FDB9EE70083B8D2 /* Release */ = {
			isa = XCBuildConfiguration;
			buildSettings = {
				ALWAYS_EMBED_SWIFT_STANDARD_LIBRARIES = YES;
				BUNDLE_LOADER = "$(TEST_HOST)";
				CODE_SIGN_STYLE = Automatic;
				CURRENT_PROJECT_VERSION = 1;
				GENERATE_INFOPLIST_FILE = YES;
				IPHONEOS_DEPLOYMENT_TARGET = 16.4;
				MACOSX_DEPLOYMENT_TARGET = 13.3;
				MARKETING_VERSION = 1.0;
				PRODUCT_BUNDLE_IDENTIFIER = njjxzc.adu.cn.FinalProjectTests;
				PRODUCT_NAME = "$(TARGET_NAME)";
				SDKROOT = iphoneos;
				SUPPORTED_PLATFORMS = "iphoneos iphonesimulator";
				SUPPORTS_MACCATALYST = NO;
				SWIFT_EMIT_LOC_STRINGS = NO;
				SWIFT_VERSION = 5.0;
				TARGETED_DEVICE_FAMILY = "1,2";
				TEST_HOST = "$(BUILT_PRODUCTS_DIR)/FinalProject.app/$(BUNDLE_EXECUTABLE_FOLDER_PATH)/FinalProject";
			};
			name = Release;
		};
		A6A4F4F22FDB9EE70083B8D2 /* Debug */ = {
			isa = XCBuildConfiguration;
			buildSettings = {
				ALWAYS_EMBED_SWIFT_STANDARD_LIBRARIES = YES;
				CODE_SIGN_STYLE = Automatic;
				CURRENT_PROJECT_VERSION = 1;
				GENERATE_INFOPLIST_FILE = YES;
				IPHONEOS_DEPLOYMENT_TARGET = 16.4;
				MACOSX_DEPLOYMENT_TARGET = 13.3;
				MARKETING_VERSION = 1.0;
				PRODUCT_BUNDLE_IDENTIFIER = njjxzc.adu.cn.FinalProjectUITests;
				PRODUCT_NAME = "$(TARGET_NAME)";
				SDKROOT = iphoneos;
				SUPPORTED_PLATFORMS = "iphoneos iphonesimulator";
				SUPPORTS_MACCATALYST = NO;
				SWIFT_EMIT_LOC_STRINGS = NO;
				SWIFT_VERSION = 5.0;
				TARGETED_DEVICE_FAMILY = "1,2";
				TEST_TARGET_NAME = FinalProject;
			};
			name = Debug;
		};
		A6A4F4F32FDB9EE70083B8D2 /* Release */ = {
			isa = XCBuildConfiguration;
			buildSettings = {
				ALWAYS_EMBED_SWIFT_STANDARD_LIBRARIES = YES;
				CODE_SIGN_STYLE = Automatic;
				CURRENT_PROJECT_VERSION = 1;
				GENERATE_INFOPLIST_FILE = YES;
				IPHONEOS_DEPLOYMENT_TARGET = 16.4;
				MACOSX_DEPLOYMENT_TARGET = 13.3;
				MARKETING_VERSION = 1.0;
				PRODUCT_BUNDLE_IDENTIFIER = njjxzc.adu.cn.FinalProjectUITests;
				PRODUCT_NAME = "$(TARGET_NAME)";
				SDKROOT = iphoneos;
				SUPPORTED_PLATFORMS = "iphoneos iphonesimulator";
				SUPPORTS_MACCATALYST = NO;
				SWIFT_EMIT_LOC_STRINGS = NO;
				SWIFT_VERSION = 5.0;
				TARGETED_DEVICE_FAMILY = "1,2";
				TEST_TARGET_NAME = FinalProject;
			};
			name = Release;
		};
/* End XCBuildConfiguration section */

/* Begin XCConfigurationList section */
		A6A4F4C12FDB9EE10083B8D2 /* Build configuration list for PBXProject "FinalProject" */ = {
			isa = XCConfigurationList;
			buildConfigurations = (
				A6A4F4E92FDB9EE70083B8D2 /* Debug */,
				A6A4F4EA2FDB9EE70083B8D2 /* Release */,
			);
			defaultConfigurationIsVisible = 0;
			defaultConfigurationName = Release;
		};
		A6A4F4EB2FDB9EE70083B8D2 /* Build configuration list for PBXNativeTarget "FinalProject" */ = {
			isa = XCConfigurationList;
			buildConfigurations = (
				A6A4F4EC2FDB9EE70083B8D2 /* Debug */,
				A6A4F4ED2FDB9EE70083B8D2 /* Release */,
			);
			defaultConfigurationIsVisible = 0;
			defaultConfigurationName = Release;
		};
		A6A4F4EE2FDB9EE70083B8D2 /* Build configuration list for PBXNativeTarget "FinalProjectTests" */ = {
			isa = XCConfigurationList;
			buildConfigurations = (
				A6A4F4EF2FDB9EE70083B8D2 /* Debug */,
				A6A4F4F02FDB9EE70083B8D2 /* Release */,
			);
			defaultConfigurationIsVisible = 0;
			defaultConfigurationName = Release;
		};
		A6A4F4F12FDB9EE70083B8D2 /* Build configuration list for PBXNativeTarget "FinalProjectUITests" */ = {
			isa = XCConfigurationList;
			buildConfigurations = (
				A6A4F4F22FDB9EE70083B8D2 /* Debug */,
				A6A4F4F32FDB9EE70083B8D2 /* Release */,
			);
			defaultConfigurationIsVisible = 0;
			defaultConfigurationName = Release;
		};
/* End XCConfigurationList section */

/* Begin XCRemoteSwiftPackageReference section */
		A63CBD532FDBB0CF0086CC37 /* XCRemoteSwiftPackageReference "GoogleSignIn-iOS" */ = {
			isa = XCRemoteSwiftPackageReference;
			repositoryURL = "https://github.com/google/GoogleSignIn-iOS";
			requirement = {
				kind = upToNextMajorVersion;
				minimumVersion = 7.1.0;
			};
		};
		A67752332FE24AB7005A87F6 /* XCRemoteSwiftPackageReference "firebase-ios-sdk" */ = {
			isa = XCRemoteSwiftPackageReference;
			repositoryURL = "https://github.com/firebase/firebase-ios-sdk";
			requirement = {
				kind = upToNextMinorVersion;
				minimumVersion = 10.29.0;
			};
		};
/* End XCRemoteSwiftPackageReference section */

/* Begin XCSwiftPackageProductDependency section */
		A63CBD542FDBB0CF0086CC37 /* GoogleSignIn */ = {
			isa = XCSwiftPackageProductDependency;
			package = A63CBD532FDBB0CF0086CC37 /* XCRemoteSwiftPackageReference "GoogleSignIn-iOS" */;
			productName = GoogleSignIn;
		};
		A63CBD562FDBB0CF0086CC37 /* GoogleSignInSwift */ = {
			isa = XCSwiftPackageProductDependency;
			package = A63CBD532FDBB0CF0086CC37 /* XCRemoteSwiftPackageReference "GoogleSignIn-iOS" */;
			productName = GoogleSignInSwift;
		};
		FA3CBD02FA3CBD02FA3CBD02 /* FirebaseAuth */ = {
			isa = XCSwiftPackageProductDependency;
			package = A67752332FE24AB7005A87F6 /* XCRemoteSwiftPackageReference "firebase-ios-sdk" */;
			productName = FirebaseAuth;
		};
/* End XCSwiftPackageProductDependency section */
	};
	rootObject = A6A4F4BE2FDB9EE10083B8D2 /* Project object */;
}
